
Microsoft Visual Studio Solution File, Format Version 12.00
Project("{FAE04EC0-301F-11D3-BF4B-00C04F79EFBC}") = "RandomCoffee", "RandomCoffee.csproj", "{07D0B3BE-B5E1-4896-B177-129107E6614E}"
EndProject
Global
	GlobalSection(SolutionConfigurationPlatforms) = preSolution
		Debug|Any CPU = Debug|Any CPU
		Release|Any CPU = Release|Any CPU
	EndGlobalSection
	GlobalSection(ProjectConfigurationPlatforms) = postSolution
		{07D0B3BE-B5E1-4896-B177-129107E6614E}.Debug|Any CPU.ActiveCfg = Debug|Any CPU
		{07D0B3BE-B5E1-4896-B177-129107E6614E}.Debug|Any CPU.Build.0 = Debug|Any CPU
		{07D0B3BE-B5E1-4896-B177-129107E6614E}.Release|Any CPU.ActiveCfg = Release|Any CPU
		{07D0B3BE-B5E1-4896-B177-129107E6614E}.Release|Any CPU.Build.0 = Release|Any CPU
	EndGlobalSection
EndGlobal
